
Microsoft Visual Studio Solution File, Format Version 12.00
# Visual Studio Version 16
VisualStudioVersion = 16.0.29215.179
MinimumVisualStudioVersion = 10.0.40219.1
Project("{2150E333-8FDC-42A3-9474-1A3956D46DE8}") = "src", "src", "{16D97619-44A4-407D-801A-EF7E82C26977}"
EndProject
Project("{2150E333-8FDC-42A3-9474-1A3956D46DE8}") = "Application", "Application", "{AC75D1FD-2EE6-4DDF-BCDA-00DD773EC401}"
EndProject
Project("{2150E333-8FDC-42A3-9474-1A3956D46DE8}") = "Domain", "Domain", "{C5E798B0-EBC5-4B4F-A6DB-0C9174E1A033}"
EndProject
Project("{2150E333-8FDC-42A3-9474-1A3956D46DE8}") = "Infrastructure", "Infrastructure", "{D47BBFE2-EF0F-461B-A24B-073BDA16E68A}"
EndProject
Project("{2150E333-8FDC-42A3-9474-1A3956D46DE8}") = "Host", "Host", "{F568E09F-DAB7-4E3E-A483-CE578DD52CD8}"
EndProject
Project("{9A19103F-16F7-4668-BE54-9A1E7A4F7556}") = "ApiService", "src\Api\ApiService\ApiService.csproj", "{F4C0F392-526B-4CD8-B21A-B90B37E9EF0F}"
EndProject
Project("{9A19103F-16F7-4668-BE54-9A1E7A4F7556}") = "HostApplication", "src\HostApplication\HostApplication.csproj", "{E50FE51D-290E-4ABC-9245-5C29BE8B2DA4}"
EndProject
Project("{FAE04EC0-301F-11D3-BF4B-00C04F79EFBC}") = "Utility", "Utility\Utility.csproj", "{F0B918E2-9DD6-4A8E-9A9D-A038FE600732}"
EndProject
Project("{2150E333-8FDC-42A3-9474-1A3956D46DE8}") = "Interface", "Interface", "{8B0728D6-5EB1-4703-BAB4-D647F50737D0}"
EndProject
Project("{FAE04EC0-301F-11D3-BF4B-00C04F79EFBC}") = "BussinessInterface", "BussinessInterface\BussinessInterface.csproj", "{0ADA7004-A8AC-42BE-89BB-8F53C010B869}"
EndProject
Project("{FAE04EC0-301F-11D3-BF4B-00C04F79EFBC}") = "DomainService", "DomainService\DomainService.csproj", "{4FE33354-224F-4571-AF0C-3BCD1563D683}"
EndProject
Global
	GlobalSection(SolutionConfigurationPlatforms) = preSolution
		Debug|Any CPU = Debug|Any CPU
		Release|Any CPU = Release|Any CPU
	EndGlobalSection
	GlobalSection(ProjectConfigurationPlatforms) = postSolution
		{F4C0F392-526B-4CD8-B21A-B90B37E9EF0F}.Debug|Any CPU.ActiveCfg = Debug|Any CPU
		{F4C0F392-526B-4CD8-B21A-B90B37E9EF0F}.Debug|Any CPU.Build.0 = Debug|Any CPU
		{F4C0F392-526B-4CD8-B21A-B90B37E9EF0F}.Release|Any CPU.ActiveCfg = Release|Any CPU
		{F4C0F392-526B-4CD8-B21A-B90B37E9EF0F}.Release|Any CPU.Build.0 = Release|Any CPU
		{E50FE51D-290E-4ABC-9245-5C29BE8B2DA4}.Debug|Any CPU.ActiveCfg = Debug|Any CPU
		{E50FE51D-290E-4ABC-9245-5C29BE8B2DA4}.Debug|Any CPU.Build.0 = Debug|Any CPU
		{E50FE51D-290E-4ABC-9245-5C29BE8B2DA4}.Release|Any CPU.ActiveCfg = Release|Any CPU
		{E50FE51D-290E-4ABC-9245-5C29BE8B2DA4}.Release|Any CPU.Build.0 = Release|Any CPU
		{F0B918E2-9DD6-4A8E-9A9D-A038FE600732}.Debug|Any CPU.ActiveCfg = Debug|Any CPU
		{F0B918E2-9DD6-4A8E-9A9D-A038FE600732}.Debug|Any CPU.Build.0 = Debug|Any CPU
		{F0B918E2-9DD6-4A8E-9A9D-A038FE600732}.Release|Any CPU.ActiveCfg = Release|Any CPU
		{F0B918E2-9DD6-4A8E-9A9D-A038FE600732}.Release|Any CPU.Build.0 = Release|Any CPU
		{0ADA7004-A8AC-42BE-89BB-8F53C010B869}.Debug|Any CPU.ActiveCfg = Debug|Any CPU
		{0ADA7004-A8AC-42BE-89BB-8F53C010B869}.Debug|Any CPU.Build.0 = Debug|Any CPU
		{0ADA7004-A8AC-42BE-89BB-8F53C010B869}.Release|Any CPU.ActiveCfg = Release|Any CPU
		{0ADA7004-A8AC-42BE-89BB-8F53C010B869}.Release|Any CPU.Build.0 = Release|Any CPU
		{4FE33354-224F-4571-AF0C-3BCD1563D683}.Debug|Any CPU.ActiveCfg = Debug|Any CPU
		{4FE33354-224F-4571-AF0C-3BCD1563D683}.Debug|Any CPU.Build.0 = Debug|Any CPU
		{4FE33354-224F-4571-AF0C-3BCD1563D683}.Release|Any CPU.ActiveCfg = Release|Any CPU
		{4FE33354-224F-4571-AF0C-3BCD1563D683}.Release|Any CPU.Build.0 = Release|Any CPU
	EndGlobalSection
	GlobalSection(SolutionProperties) = preSolution
		HideSolutionNode = FALSE
	EndGlobalSection
	GlobalSection(NestedProjects) = preSolution
		{AC75D1FD-2EE6-4DDF-BCDA-00DD773EC401} = {16D97619-44A4-407D-801A-EF7E82C26977}
		{C5E798B0-EBC5-4B4F-A6DB-0C9174E1A033} = {16D97619-44A4-407D-801A-EF7E82C26977}
		{D47BBFE2-EF0F-461B-A24B-073BDA16E68A} = {16D97619-44A4-407D-801A-EF7E82C26977}
		{F568E09F-DAB7-4E3E-A483-CE578DD52CD8} = {16D97619-44A4-407D-801A-EF7E82C26977}
		{F4C0F392-526B-4CD8-B21A-B90B37E9EF0F} = {AC75D1FD-2EE6-4DDF-BCDA-00DD773EC401}
		{E50FE51D-290E-4ABC-9245-5C29BE8B2DA4} = {F568E09F-DAB7-4E3E-A483-CE578DD52CD8}
		{F0B918E2-9DD6-4A8E-9A9D-A038FE600732} = {D47BBFE2-EF0F-461B-A24B-073BDA16E68A}
		{8B0728D6-5EB1-4703-BAB4-D647F50737D0} = {16D97619-44A4-407D-801A-EF7E82C26977}
		{0ADA7004-A8AC-42BE-89BB-8F53C010B869} = {8B0728D6-5EB1-4703-BAB4-D647F50737D0}
		{4FE33354-224F-4571-AF0C-3BCD1563D683} = {C5E798B0-EBC5-4B4F-A6DB-0C9174E1A033}
	EndGlobalSection
	GlobalSection(ExtensibilityGlobals) = postSolution
		SolutionGuid = {6A38A67F-50A1-49EB-B09D-1DD140687DCE}
	EndGlobalSection
EndGlobal
